<?xml version="1.0" encoding="utf-8"?>
<Project ToolsVersion="4.0" xmlns="http://schemas.microsoft.com/developer/msbuild/2003">
  <ItemGroup>
    <Filter Include="Source Files">
      <UniqueIdentifier>{4FC737F1-C7A5-4376-A066-2A32D752A2FF}</UniqueIdentifier>
      <Extensions>cpp;c;cc;cxx;def;odl;idl;hpj;bat;asm;asmx</Extensions>
    </Filter>
    <Filter Include="Header Files">
      <UniqueIdentifier>{93995380-89BD-4b04-88EB-625FBE52EBFB}</UniqueIdentifier>
      <Extensions>h;hh;hpp;hxx;hm;inl;inc;xsd</Extensions>
    </Filter>
    <Filter Include="Resource Files">
      <UniqueIdentifier>{67DA6AB6-F800-4c08-8B7A-83BB121AAD01}</UniqueIdentifier>
      <Extensions>rc;ico;cur;bmp;dlg;rc2;rct;bin;rgs;gif;jpg;jpeg;jpe;resx;tiff;tif;png;wav;mfcribbon-ms</Extensions>
    </Filter>
  </ItemGroup>
  <ItemGroup>
    <ClInclude Include="Source\Rendering\Mesh\FTIndexedMesh.h">
      <Filter>Header Files</Filter>
    </ClInclude>
    <ClInclude Include="Source\Rendering\Mesh\FTMesh.h">
      <Filter>Header Files</Filter>
    </ClInclude>
    <ClInclude Include="Source\Rendering\FTDirector.h">
      <Filter>Header Files</Filter>
    </ClInclude>
    <ClInclude Include="Source\Util\FTInputManager.h">
      <Filter>Header Files</Filter>
    </ClInclude>
    <ClInclude Include="Source\FTObject.h">
      <Filter>Header Files</Filter>
    </ClInclude>
    <ClInclude Include="Source\FTPtr.h">
      <Filter>Header Files</Filter>
    </ClInclude>
    <ClInclude Include="Source\FTString.h">
      <Filter>Header Files</Filter>
    </ClInclude>
    <ClInclude Include="Source\FTTimer.h">
      <Filter>Header Files</Filter>
    </ClInclude>
    <ClInclude Include="Source\ThirdParty\Signals\Delegate.h">
      <Filter>Header Files</Filter>
    </ClInclude>
    <ClInclude Include="Source\ThirdParty\Signals\Signal.h">
      <Filter>Header Files</Filter>
    </ClInclude>
    <ClInclude Include="Source\Frontier.h">
      <Filter>Header Files</Filter>
    </ClInclude>
    <ClInclude Include="Source\Rendering\Scene\FTScene.h">
      <Filter>Header Files</Filter>
    </ClInclude>
    <ClInclude Include="Source\Rendering\FTDrawable.h">
      <Filter>Header Files</Filter>
    </ClInclude>
    <ClInclude Include="Source\Util\FTAlignedData.h">
      <Filter>Header Files</Filter>
    </ClInclude>
    <ClInclude Include="Source\Util\FTRect.h">
      <Filter>Header Files</Filter>
    </ClInclude>
    <ClInclude Include="Source\Rendering\Camera\FTCameraFPS.h">
      <Filter>Header Files</Filter>
    </ClInclude>
    <ClInclude Include="Source\Rendering\Camera\FTCamera3D.h">
      <Filter>Header Files</Filter>
    </ClInclude>
    <ClInclude Include="Source\Rendering\Camera\FTCamera.h">
      <Filter>Header Files</Filter>
    </ClInclude>
    <ClInclude Include="Source\Rendering\Camera\FTCamera2D.h">
      <Filter>Header Files</Filter>
    </ClInclude>
    <ClInclude Include="Source\Rendering\Scene\FTNode.h">
      <Filter>Header Files</Filter>
    </ClInclude>
    <ClInclude Include="Source\Rendering\Scene\Transform\FTTransform.h">
      <Filter>Header Files</Filter>
    </ClInclude>
    <ClInclude Include="Source\Rendering\Scene\Transform\FTTransformScale.h">
      <Filter>Header Files</Filter>
    </ClInclude>
    <ClInclude Include="Source\Rendering\Scene\Transform\FTTransformPosition.h">
      <Filter>Header Files</Filter>
    </ClInclude>
    <ClInclude Include="Source\Rendering\Scene\Transform\FTTransformRotation.h">
      <Filter>Header Files</Filter>
    </ClInclude>
    <ClInclude Include="Source\Rendering\Scene\Transform\FTCompositeTransform.h">
      <Filter>Header Files</Filter>
    </ClInclude>
    <ClInclude Include="Source\Rendering\Scene\FTDrawableNode.h">
      <Filter>Header Files</Filter>
    </ClInclude>
    <ClInclude Include="Source\Rendering\Scene\FTView.h">
      <Filter>Header Files</Filter>
    </ClInclude>
    <ClInclude Include="Source\Rendering\Shader\FTShaderCache.h">
      <Filter>Header Files</Filter>
    </ClInclude>
    <ClInclude Include="Source\Rendering\Shader\FTShaderProgram.h">
      <Filter>Header Files</Filter>
    </ClInclude>
    <ClInclude Include="Source\Rendering\Text\FTLabel.h">
      <Filter>Header Files</Filter>
    </ClInclude>
    <ClInclude Include="Source\Rendering\Text\FTFont.h">
      <Filter>Header Files</Filter>
    </ClInclude>
    <ClInclude Include="Source\Rendering\Textures\FTTexture.h">
      <Filter>Header Files</Filter>
    </ClInclude>
    <ClInclude Include="Source\Rendering\Mesh\FTIndexedTexturedMesh.h">
      <Filter>Header Files</Filter>
    </ClInclude>
    <ClInclude Include="Source\Rendering\Mesh\FTVertex.h">
      <Filter>Header Files</Filter>
    </ClInclude>
    <ClInclude Include="Source\Rendering\Shader\FTVertexShaderProgram.h">
      <Filter>Header Files</Filter>
    </ClInclude>
    <ClInclude Include="Source\Rendering\Shader\FTVertexTextureShaderProgram.h">
      <Filter>Header Files</Filter>
    </ClInclude>
    <ClInclude Include="Source\Rendering\Shader\FTVertexColorShaderProgram.h">
      <Filter>Header Files</Filter>
    </ClInclude>
    <ClInclude Include="Source\Rendering\Textures\FTFontTexture.h">
      <Filter>Header Files</Filter>
    </ClInclude>
    <ClInclude Include="Source\Rendering\Textures\FTTextureDDS.h">
      <Filter>Header Files</Filter>
    </ClInclude>
    <ClInclude Include="Source\Rendering\Shader\FTFontShader.h">
      <Filter>Header Files</Filter>
    </ClInclude>
    <ClInclude Include="Source\Rendering\Text\FTFontCache.h">
      <Filter>Header Files</Filter>
    </ClInclude>
    <ClInclude Include="Source\FTEngine.h">
      <Filter>Header Files</Filter>
    </ClInclude>
    <ClInclude Include="Source\Rendering\Scene\Transform\FTTransformUtil.h">
      <Filter>Header Files</Filter>
    </ClInclude>
    <ClInclude Include="Source\Rendering\Primitives\FTCube.h">
      <Filter>Header Files</Filter>
    </ClInclude>
    <ClInclude Include="Source\FTCircularBuffer.h">
      <Filter>Header Files</Filter>
    </ClInclude>
  </ItemGroup>
  <ItemGroup>
    <ClCompile Include="Source\Rendering\FTDirector.cpp">
      <Filter>Source Files</Filter>
    </ClCompile>
    <ClCompile Include="Source\Util\FTInputManager.cpp">
      <Filter>Source Files</Filter>
    </ClCompile>
    <ClCompile Include="Source\FTObject.cpp">
      <Filter>Source Files</Filter>
    </ClCompile>
    <ClCompile Include="Source\Rendering\Camera\FTCameraFPS.cpp">
      <Filter>Source Files</Filter>
    </ClCompile>
    <ClCompile Include="Source\Rendering\Camera\FTCamera3D.cpp">
      <Filter>Source Files</Filter>
    </ClCompile>
    <ClCompile Include="Source\Rendering\Scene\FTView.cpp">
      <Filter>Source Files</Filter>
    </ClCompile>
    <ClCompile Include="Source\Rendering\Shader\FTShaderCache.cpp">
      <Filter>Source Files</Filter>
    </ClCompile>
    <ClCompile Include="Source\Rendering\Text\FTLabel.cpp">
      <Filter>Source Files</Filter>
    </ClCompile>
    <ClCompile Include="Source\Rendering\Text\FTFont.cpp">
      <Filter>Source Files</Filter>
    </ClCompile>
    <ClCompile Include="Source\Rendering\Shader\FTVertexShaderProgram.cpp">
      <Filter>Source Files</Filter>
    </ClCompile>
    <ClCompile Include="Source\Rendering\Shader\FTVertexTextureShaderProgram.cpp">
      <Filter>Source Files</Filter>
    </ClCompile>
    <ClCompile Include="Source\Rendering\Shader\FTVertexColorShaderProgram.cpp">
      <Filter>Source Files</Filter>
    </ClCompile>
    <ClCompile Include="Source\Rendering\Textures\FTFontTexture.cpp">
      <Filter>Source Files</Filter>
    </ClCompile>
    <ClCompile Include="Source\Rendering\Textures\FTTextureDDS.cpp">
      <Filter>Source Files</Filter>
    </ClCompile>
    <ClCompile Include="Source\Rendering\Shader\FTFontShader.cpp">
      <Filter>Source Files</Filter>
    </ClCompile>
    <ClCompile Include="Source\Rendering\Text\FTFontCache.cpp">
      <Filter>Source Files</Filter>
    </ClCompile>
    <ClCompile Include="Source\Rendering\Primitives\FTCube.cpp">
      <Filter>Source Files</Filter>
    </ClCompile>
  </ItemGroup>
</Project>